
Microsoft Visual Studio Solution File, Format Version 12.00
Project("{FAE04EC0-301F-11D3-BF4B-00C04F79EFBC}") = "SomeValidation", "SomeValidation.csproj", "{30B1B283-7953-4BB5-9C01-1A2C90D6CAC2}"
EndProject
Global
	GlobalSection(SolutionConfigurationPlatforms) = preSolution
		Debug|Any CPU = Debug|Any CPU
		Release|Any CPU = Release|Any CPU
	EndGlobalSection
	GlobalSection(ProjectConfigurationPlatforms) = postSolution
		{30B1B283-7953-4BB5-9C01-1A2C90D6CAC2}.Debug|Any CPU.ActiveCfg = Debug|Any CPU
		{30B1B283-7953-4BB5-9C01-1A2C90D6CAC2}.Debug|Any CPU.Build.0 = Debug|Any CPU
		{30B1B283-7953-4BB5-9C01-1A2C90D6CAC2}.Release|Any CPU.ActiveCfg = Release|Any CPU
		{30B1B283-7953-4BB5-9C01-1A2C90D6CAC2}.Release|Any CPU.Build.0 = Release|Any CPU
	EndGlobalSection
EndGlobal
